
Microsoft Visual Studio Solution File, Format Version 12.00
# Visual Studio 2012
Project("{FAE04EC0-301F-11D3-BF4B-00C04F79EFBC}") = "Jeu_De_Barricade_Eindproject", "Jeu_De_Barricade_Eindproject\Jeu_De_Barricade_Eindproject.csproj", "{69FE53D8-7B09-41F9-8666-BD6183A8D035}"
EndProject
Project("{F088123C-0E9E-452A-89E6-6BA2F21D5CAC}") = "DKD", "DKD\DKD.modelproj", "{ECC204CA-29F6-4A63-B4C1-D56821A6C663}"
EndProject
Project("{F088123C-0E9E-452A-89E6-6BA2F21D5CAC}") = "DKD-abstract", "DKD-abstract\DKD-abstract.modelproj", "{A1E7939B-A52E-43E7-88A2-931951EB8756}"
EndProject
Project("{F088123C-0E9E-452A-89E6-6BA2F21D5CAC}") = "DKD field", "DKD field\DKD field.modelproj", "{105F3F28-1A4D-4361-BDF5-E44C9DB2606D}"
EndProject
Global
	GlobalSection(SolutionConfigurationPlatforms) = preSolution
		Debug|Any CPU = Debug|Any CPU
		Release|Any CPU = Release|Any CPU
	EndGlobalSection
	GlobalSection(ProjectConfigurationPlatforms) = postSolution
		{69FE53D8-7B09-41F9-8666-BD6183A8D035}.Debug|Any CPU.ActiveCfg = Debug|Any CPU
		{69FE53D8-7B09-41F9-8666-BD6183A8D035}.Debug|Any CPU.Build.0 = Debug|Any CPU
		{69FE53D8-7B09-41F9-8666-BD6183A8D035}.Release|Any CPU.ActiveCfg = Release|Any CPU
		{69FE53D8-7B09-41F9-8666-BD6183A8D035}.Release|Any CPU.Build.0 = Release|Any CPU
		{ECC204CA-29F6-4A63-B4C1-D56821A6C663}.Debug|Any CPU.ActiveCfg = Debug|Any CPU
		{ECC204CA-29F6-4A63-B4C1-D56821A6C663}.Debug|Any CPU.Build.0 = Debug|Any CPU
		{ECC204CA-29F6-4A63-B4C1-D56821A6C663}.Release|Any CPU.ActiveCfg = Release|Any CPU
		{ECC204CA-29F6-4A63-B4C1-D56821A6C663}.Release|Any CPU.Build.0 = Release|Any CPU
		{A1E7939B-A52E-43E7-88A2-931951EB8756}.Debug|Any CPU.ActiveCfg = Debug|Any CPU
		{A1E7939B-A52E-43E7-88A2-931951EB8756}.Debug|Any CPU.Build.0 = Debug|Any CPU
		{A1E7939B-A52E-43E7-88A2-931951EB8756}.Release|Any CPU.ActiveCfg = Release|Any CPU
		{A1E7939B-A52E-43E7-88A2-931951EB8756}.Release|Any CPU.Build.0 = Release|Any CPU
		{105F3F28-1A4D-4361-BDF5-E44C9DB2606D}.Debug|Any CPU.ActiveCfg = Debug|Any CPU
		{105F3F28-1A4D-4361-BDF5-E44C9DB2606D}.Debug|Any CPU.Build.0 = Debug|Any CPU
		{105F3F28-1A4D-4361-BDF5-E44C9DB2606D}.Release|Any CPU.ActiveCfg = Release|Any CPU
		{105F3F28-1A4D-4361-BDF5-E44C9DB2606D}.Release|Any CPU.Build.0 = Release|Any CPU
	EndGlobalSection
	GlobalSection(SolutionProperties) = preSolution
		HideSolutionNode = FALSE
	EndGlobalSection
EndGlobal
